
Microsoft Visual Studio Solution File, Format Version 12.00
# Visual Studio Version 17
VisualStudioVersion = 17.8.34525.116
MinimumVisualStudioVersion = 10.0.40219.1
Project("{FAE04EC0-301F-11D3-BF4B-00C04F79EFBC}") = "HttpClientSample", "HttpClientSample\HttpClientSample.csproj", "{E9FFB4DE-B4D3-4836-8897-865160153154}"
EndProject
Global
	GlobalSection(SolutionConfigurationPlatforms) = preSolution
		Debug|Any CPU = Debug|Any CPU
		Release|Any CPU = Release|Any CPU
	EndGlobalSection
	GlobalSection(ProjectConfigurationPlatforms) = postSolution
		{E9FFB4DE-B4D3-4836-8897-865160153154}.Debug|Any CPU.ActiveCfg = Debug|Any CPU
		{E9FFB4DE-B4D3-4836-8897-865160153154}.Debug|Any CPU.Build.0 = Debug|Any CPU
		{E9FFB4DE-B4D3-4836-8897-865160153154}.Release|Any CPU.ActiveCfg = Release|Any CPU
		{E9FFB4DE-B4D3-4836-8897-865160153154}.Release|Any CPU.Build.0 = Release|Any CPU
	EndGlobalSection
	GlobalSection(SolutionProperties) = preSolution
		HideSolutionNode = FALSE
	EndGlobalSection
	GlobalSection(ExtensibilityGlobals) = postSolution
		SolutionGuid = {A883DF26-B47D-4706-8B80-C3E63298502B}
	EndGlobalSection
EndGlobal
